// !$*UTF8*$!
{
	archiveVersion = 1;
	classes = {
	};
	objectVersion = 56;
	objects = {

/* Begin PBXBuildFile section */
		EE773CC52B25A35200BCB5F3 /* scoopyApp.swift in Sources */ = {isa = PBXBuildFile; fileRef = EE773CC42B25A35200BCB5F3 /* scoopyApp.swift */; };
		EE773CC72B25A35200BCB5F3 /* ContentView.swift in Sources */ = {isa = PBXBuildFile; fileRef = EE773CC62B25A35200BCB5F3 /* ContentView.swift */; };
		EE773CC92B25A35500BCB5F3 /* Assets.xcassets in Resources */ = {isa = PBXBuildFile; fileRef = EE773CC82B25A35500BCB5F3 /* Assets.xcassets */; };
		EE773CCC2B25A35500BCB5F3 /* Preview Assets.xcassets in Resources */ = {isa = PBXBuildFile; fileRef = EE773CCB2B25A35500BCB5F3 /* Preview Assets.xcassets */; };
		EE773CD62B25A35500BCB5F3 /* scoopyTests.swift in Sources */ = {isa = PBXBuildFile; fileRef = EE773CD52B25A35500BCB5F3 /* scoopyTests.swift */; };
		EE773CE02B25A35600BCB5F3 /* scoopyUITests.swift in Sources */ = {isa = PBXBuildFile; fileRef = EE773CDF2B25A35600BCB5F3 /* scoopyUITests.swift */; };
		EE773CE22B25A35600BCB5F3 /* scoopyUITestsLaunchTests.swift in Sources */ = {isa = PBXBuildFile; fileRef = EE773CE12B25A35600BCB5F3 /* scoopyUITestsLaunchTests.swift */; };
		EE773CF22B25A8E600BCB5F3 /* UserActivity.swift in Sources */ = {isa = PBXBuildFile; fileRef = EE773CF12B25A8E600BCB5F3 /* UserActivity.swift */; };
		EE773CF42B25A91700BCB5F3 /* Quarter.swift in Sources */ = {isa = PBXBuildFile; fileRef = EE773CF32B25A91700BCB5F3 /* Quarter.swift */; };
		EE773CF62B25ABB800BCB5F3 /* DayManager.swift in Sources */ = {isa = PBXBuildFile; fileRef = EE773CF52B25ABB800BCB5F3 /* DayManager.swift */; };
/* End PBXBuildFile section */

/* Begin PBXContainerItemProxy section */
		EE773CD22B25A35500BCB5F3 /* PBXContainerItemProxy */ = {
			isa = PBXContainerItemProxy;
			containerPortal = EE773CB92B25A35200BCB5F3 /* Project object */;
			proxyType = 1;
			remoteGlobalIDString = EE773CC02B25A35200BCB5F3;
			remoteInfo = scoopy;
		};
		EE773CDC2B25A35600BCB5F3 /* PBXContainerItemProxy */ = {
			isa = PBXContainerItemProxy;
			containerPortal = EE773CB92B25A35200BCB5F3 /* Project object */;
			proxyType = 1;
			remoteGlobalIDString = EE773CC02B25A35200BCB5F3;
			remoteInfo = scoopy;
		};
/* End PBXContainerItemProxy section */

/* Begin PBXFileReference section */
		EE773CC12B25A35200BCB5F3 /* scoopy.app */ = {isa = PBXFileReference; explicitFileType = wrapper.application; includeInIndex = 0; path = scoopy.app; sourceTree = BUILT_PRODUCTS_DIR; };
		EE773CC42B25A35200BCB5F3 /* scoopyApp.swift */ = {isa = PBXFileReference; lastKnownFileType = sourcecode.swift; path = scoopyApp.swift; sourceTree = "<group>"; };
		EE773CC62B25A35200BCB5F3 /* ContentView.swift */ = {isa = PBXFileReference; lastKnownFileType = sourcecode.swift; path = ContentView.swift; sourceTree = "<group>"; };
		EE773CC82B25A35500BCB5F3 /* Assets.xcassets */ = {isa = PBXFileReference; lastKnownFileType = folder.assetcatalog; path = Assets.xcassets; sourceTree = "<group>"; };
		EE773CCB2B25A35500BCB5F3 /* Preview Assets.xcassets */ = {isa = PBXFileReference; lastKnownFileType = folder.assetcatalog; path = "Preview Assets.xcassets"; sourceTree = "<group>"; };
		EE773CD12B25A35500BCB5F3 /* scoopyTests.xctest */ = {isa = PBXFileReference; explicitFileType = wrapper.cfbundle; includeInIndex = 0; path = scoopyTests.xctest; sourceTree = BUILT_PRODUCTS_DIR; };
		EE773CD52B25A35500BCB5F3 /* scoopyTests.swift */ = {isa = PBXFileReference; lastKnownFileType = sourcecode.swift; path = scoopyTests.swift; sourceTree = "<group>"; };
		EE773CDB2B25A35600BCB5F3 /* scoopyUITests.xctest */ = {isa = PBXFileReference; explicitFileType = wrapper.cfbundle; includeInIndex = 0; path = scoopyUITests.xctest; sourceTree = BUILT_PRODUCTS_DIR; };
		EE773CDF2B25A35600BCB5F3 /* scoopyUITests.swift */ = {isa = PBXFileReference; lastKnownFileType = sourcecode.swift; path = scoopyUITests.swift; sourceTree = "<group>"; };
		EE773CE12B25A35600BCB5F3 /* scoopyUITestsLaunchTests.swift */ = {isa = PBXFileReference; lastKnownFileType = sourcecode.swift; path = scoopyUITestsLaunchTests.swift; sourceTree = "<group>"; };
		EE773CF12B25A8E600BCB5F3 /* UserActivity.swift */ = {isa = PBXFileReference; lastKnownFileType = sourcecode.swift; path = UserActivity.swift; sourceTree = "<group>"; };
		EE773CF32B25A91700BCB5F3 /* Quarter.swift */ = {isa = PBXFileReference; lastKnownFileType = sourcecode.swift; path = Quarter.swift; sourceTree = "<group>"; };
		EE773CF52B25ABB800BCB5F3 /* DayManager.swift */ = {isa = PBXFileReference; lastKnownFileType = sourcecode.swift; path = DayManager.swift; sourceTree = "<group>"; };
/* End PBXFileReference section */

/* Begin PBXFrameworksBuildPhase section */
		EE773CBE2B25A35200BCB5F3 /* Frameworks */ = {
			isa = PBXFrameworksBuildPhase;
			buildActionMask = 2147483647;
			files = (
			);
			runOnlyForDeploymentPostprocessing = 0;
		};
		EE773CCE2B25A35500BCB5F3 /* Frameworks */ = {
			isa = PBXFrameworksBuildPhase;
			buildActionMask = 2147483647;
			files = (
			);
			runOnlyForDeploymentPostprocessing = 0;
		};
		EE773CD82B25A35600BCB5F3 /* Frameworks */ = {
			isa = PBXFrameworksBuildPhase;
			buildActionMask = 2147483647;
			files = (
			);
			runOnlyForDeploymentPostprocessing = 0;
		};
/* End PBXFrameworksBuildPhase section */

/* Begin PBXGroup section */
		EE773CB82B25A35200BCB5F3 = {
			isa = PBXGroup;
			children = (
				EE773CC32B25A35200BCB5F3 /* scoopy */,
				EE773CD42B25A35500BCB5F3 /* scoopyTests */,
				EE773CDE2B25A35600BCB5F3 /* scoopyUITests */,
				EE773CC22B25A35200BCB5F3 /* Products */,
			);
			sourceTree = "<group>";
		};
		EE773CC22B25A35200BCB5F3 /* Products */ = {
			isa = PBXGroup;
			children = (
				EE773CC12B25A35200BCB5F3 /* scoopy.app */,
				EE773CD12B25A35500BCB5F3 /* scoopyTests.xctest */,
				EE773CDB2B25A35600BCB5F3 /* scoopyUITests.xctest */,
			);
			name = Products;
			sourceTree = "<group>";
		};
		EE773CC32B25A35200BCB5F3 /* scoopy */ = {
			isa = PBXGroup;
			children = (
				EE773CF02B25A89C00BCB5F3 /* Models */,
				EE773CEF2B25A89600BCB5F3 /* ViewModels */,
				EE773CEE2B25A88A00BCB5F3 /* Views */,
				EE773CC42B25A35200BCB5F3 /* scoopyApp.swift */,
				EE773CC62B25A35200BCB5F3 /* ContentView.swift */,
				EE773CC82B25A35500BCB5F3 /* Assets.xcassets */,
				EE773CCA2B25A35500BCB5F3 /* Preview Content */,
			);
			path = scoopy;
			sourceTree = "<group>";
		};
		EE773CCA2B25A35500BCB5F3 /* Preview Content */ = {
			isa = PBXGroup;
			children = (
				EE773CCB2B25A35500BCB5F3 /* Preview Assets.xcassets */,
			);
			path = "Preview Content";
			sourceTree = "<group>";
		};
		EE773CD42B25A35500BCB5F3 /* scoopyTests */ = {
			isa = PBXGroup;
			children = (
				EE773CD52B25A35500BCB5F3 /* scoopyTests.swift */,
			);
			path = scoopyTests;
			sourceTree = "<group>";
		};
		EE773CDE2B25A35600BCB5F3 /* scoopyUITests */ = {
			isa = PBXGroup;
			children = (
				EE773CDF2B25A35600BCB5F3 /* scoopyUITests.swift */,
				EE773CE12B25A35600BCB5F3 /* scoopyUITestsLaunchTests.swift */,
			);
			path = scoopyUITests;
			sourceTree = "<group>";
		};
		EE773CEE2B25A88A00BCB5F3 /* Views */ = {
			isa = PBXGroup;
			children = (
			);
			path = Views;
			sourceTree = "<group>";
		};
		EE773CEF2B25A89600BCB5F3 /* ViewModels */ = {
			isa = PBXGroup;
			children = (
			);
			path = ViewModels;
			sourceTree = "<group>";
		};
		EE773CF02B25A89C00BCB5F3 /* Models */ = {
			isa = PBXGroup;
			children = (
				EE773CF12B25A8E600BCB5F3 /* UserActivity.swift */,
				EE773CF32B25A91700BCB5F3 /* Quarter.swift */,
				EE773CF52B25ABB800BCB5F3 /* DayManager.swift */,
			);
			path = Models;
			sourceTree = "<group>";
		};
/* End PBXGroup section */

/* Begin PBXNativeTarget section */
		EE773CC02B25A35200BCB5F3 /* scoopy */ = {
			isa = PBXNativeTarget;
			buildConfigurationList = EE773CE52B25A35600BCB5F3 /* Build configuration list for PBXNativeTarget "scoopy" */;
			buildPhases = (
				EE773CBD2B25A35200BCB5F3 /* Sources */,
				EE773CBE2B25A35200BCB5F3 /* Frameworks */,
				EE773CBF2B25A35200BCB5F3 /* Resources */,
			);
			buildRules = (
			);
			dependencies = (
			);
			name = scoopy;
			productName = scoopy;
			productReference = EE773CC12B25A35200BCB5F3 /* scoopy.app */;
			productType = "com.apple.product-type.application";
		};
		EE773CD02B25A35500BCB5F3 /* scoopyTests */ = {
			isa = PBXNativeTarget;
			buildConfigurationList = EE773CE82B25A35600BCB5F3 /* Build configuration list for PBXNativeTarget "scoopyTests" */;
			buildPhases = (
				EE773CCD2B25A35500BCB5F3 /* Sources */,
				EE773CCE2B25A35500BCB5F3 /* Frameworks */,
				EE773CCF2B25A35500BCB5F3 /* Resources */,
			);
			buildRules = (
			);
			dependencies = (
				EE773CD32B25A35500BCB5F3 /* PBXTargetDependency */,
			);
			name = scoopyTests;
			productName = scoopyTests;
			productReference = EE773CD12B25A35500BCB5F3 /* scoopyTests.xctest */;
			productType = "com.apple.product-type.bundle.unit-test";
		};
		EE773CDA2B25A35600BCB5F3 /* scoopyUITests */ = {
			isa = PBXNativeTarget;
			buildConfigurationList = EE773CEB2B25A35600BCB5F3 /* Build configuration list for PBXNativeTarget "scoopyUITests" */;
			buildPhases = (
				EE773CD72B25A35600BCB5F3 /* Sources */,
				EE773CD82B25A35600BCB5F3 /* Frameworks */,
				EE773CD92B25A35600BCB5F3 /* Resources */,
			);
			buildRules = (
			);
			dependencies = (
				EE773CDD2B25A35600BCB5F3 /* PBXTargetDependency */,
			);
			name = scoopyUITests;
			productName = scoopyUITests;
			productReference = EE773CDB2B25A35600BCB5F3 /* scoopyUITests.xctest */;
			productType = "com.apple.product-type.bundle.ui-testing";
		};
/* End PBXNativeTarget section */

/* Begin PBXProject section */
		EE773CB92B25A35200BCB5F3 /* Project object */ = {
			isa = PBXProject;
			attributes = {
				BuildIndependentTargetsInParallel = 1;
				LastSwiftUpdateCheck = 1500;
				LastUpgradeCheck = 1500;
				TargetAttributes = {
					EE773CC02B25A35200BCB5F3 = {
						CreatedOnToolsVersion = 15.0.1;
					};
					EE773CD02B25A35500BCB5F3 = {
						CreatedOnToolsVersion = 15.0.1;
						TestTargetID = EE773CC02B25A35200BCB5F3;
					};
					EE773CDA2B25A35600BCB5F3 = {
						CreatedOnToolsVersion = 15.0.1;
						TestTargetID = EE773CC02B25A35200BCB5F3;
					};
				};
			};
			buildConfigurationList = EE773CBC2B25A35200BCB5F3 /* Build configuration list for PBXProject "scoopy" */;
			compatibilityVersion = "Xcode 14.0";
			developmentRegion = en;
			hasScannedForEncodings = 0;
			knownRegions = (
				en,
				Base,
			);
			mainGroup = EE773CB82B25A35200BCB5F3;
			productRefGroup = EE773CC22B25A35200BCB5F3 /* Products */;
			projectDirPath = "";
			projectRoot = "";
			targets = (
				EE773CC02B25A35200BCB5F3 /* scoopy */,
				EE773CD02B25A35500BCB5F3 /* scoopyTests */,
				EE773CDA2B25A35600BCB5F3 /* scoopyUITests */,
			);
		};
/* End PBXProject section */

/* Begin PBXResourcesBuildPhase section */
		EE773CBF2B25A35200BCB5F3 /* Resources */ = {
			isa = PBXResourcesBuildPhase;
			buildActionMask = 2147483647;
			files = (
				EE773CCC2B25A35500BCB5F3 /* Preview Assets.xcassets in Resources */,
				EE773CC92B25A35500BCB5F3 /* Assets.xcassets in Resources */,
			);
			runOnlyForDeploymentPostprocessing = 0;
		};
		EE773CCF2B25A35500BCB5F3 /* Resources */ = {
			isa = PBXResourcesBuildPhase;
			buildActionMask = 2147483647;
			files = (
			);
			runOnlyForDeploymentPostprocessing = 0;
		};
		EE773CD92B25A35600BCB5F3 /* Resources */ = {
			isa = PBXResourcesBuildPhase;
			buildActionMask = 2147483647;
			files = (
			);
			runOnlyForDeploymentPostprocessing = 0;
		};
/* End PBXResourcesBuildPhase section */

/* Begin PBXSourcesBuildPhase section */
		EE773CBD2B25A35200BCB5F3 /* Sources */ = {
			isa = PBXSourcesBuildPhase;
			buildActionMask = 2147483647;
			files = (
				EE773CF42B25A91700BCB5F3 /* Quarter.swift in Sources */,
				EE773CC72B25A35200BCB5F3 /* ContentView.swift in Sources */,
				EE773CF22B25A8E600BCB5F3 /* UserActivity.swift in Sources */,
				EE773CF62B25ABB800BCB5F3 /* DayManager.swift in Sources */,
				EE773CC52B25A35200BCB5F3 /* scoopyApp.swift in Sources */,
			);
			runOnlyForDeploymentPostprocessing = 0;
		};
		EE773CCD2B25A35500BCB5F3 /* Sources */ = {
			isa = PBXSourcesBuildPhase;
			buildActionMask = 2147483647;
			files = (
				EE773CD62B25A35500BCB5F3 /* scoopyTests.swift in Sources */,
			);
			runOnlyForDeploymentPostprocessing = 0;
		};
		EE773CD72B25A35600BCB5F3 /* Sources */ = {
			isa = PBXSourcesBuildPhase;
			buildActionMask = 2147483647;
			files = (
				EE773CE02B25A35600BCB5F3 /* scoopyUITests.swift in Sources */,
				EE773CE22B25A35600BCB5F3 /* scoopyUITestsLaunchTests.swift in Sources */,
			);
			runOnlyForDeploymentPostprocessing = 0;
		};
/* End PBXSourcesBuildPhase section */

/* Begin PBXTargetDependency section */
		EE773CD32B25A35500BCB5F3 /* PBXTargetDependency */ = {
			isa = PBXTargetDependency;
			target = EE773CC02B25A35200BCB5F3 /* scoopy */;
			targetProxy = EE773CD22B25A35500BCB5F3 /* PBXContainerItemProxy */;
		};
		EE773CDD2B25A35600BCB5F3 /* PBXTargetDependency */ = {
			isa = PBXTargetDependency;
			target = EE773CC02B25A35200BCB5F3 /* scoopy */;
			targetProxy = EE773CDC2B25A35600BCB5F3 /* PBXContainerItemProxy */;
		};
/* End PBXTargetDependency section */

/* Begin XCBuildConfiguration section */
		EE773CE32B25A35600BCB5F3 /* Debug */ = {
			isa = XCBuildConfiguration;
			buildSettings = {
				ALWAYS_SEARCH_USER_PATHS = NO;
				ASSETCATALOG_COMPILER_GENERATE_SWIFT_ASSET_SYMBOL_EXTENSIONS = YES;
				CLANG_ANALYZER_NONNULL = YES;
				CLANG_ANALYZER_NUMBER_OBJECT_CONVERSION = YES_AGGRESSIVE;
				CLANG_CXX_LANGUAGE_STANDARD = "gnu++20";
				CLANG_ENABLE_MODULES = YES;
				CLANG_ENABLE_OBJC_ARC = YES;
				CLANG_ENABLE_OBJC_WEAK = YES;
				CLANG_WARN_BLOCK_CAPTURE_AUTORELEASING = YES;
				CLANG_WARN_BOOL_CONVERSION = YES;
				CLANG_WARN_COMMA = YES;
				CLANG_WARN_CONSTANT_CONVERSION = YES;
				CLANG_WARN_DEPRECATED_OBJC_IMPLEMENTATIONS = YES;
				CLANG_WARN_DIRECT_OBJC_ISA_USAGE = YES_ERROR;
				CLANG_WARN_DOCUMENTATION_COMMENTS = YES;
				CLANG_WARN_EMPTY_BODY = YES;
				CLANG_WARN_ENUM_CONVERSION = YES;
				CLANG_WARN_INFINITE_RECURSION = YES;
				CLANG_WARN_INT_CONVERSION = YES;
				CLANG_WARN_NON_LITERAL_NULL_CONVERSION = YES;
				CLANG_WARN_OBJC_IMPLICIT_RETAIN_SELF = YES;
				CLANG_WARN_OBJC_LITERAL_CONVERSION = YES;
				CLANG_WARN_OBJC_ROOT_CLASS = YES_ERROR;
				CLANG_WARN_QUOTED_INCLUDE_IN_FRAMEWORK_HEADER = YES;
				CLANG_WARN_RANGE_LOOP_ANALYSIS = YES;
				CLANG_WARN_STRICT_PROTOTYPES = YES;
				CLANG_WARN_SUSPICIOUS_MOVE = YES;
				CLANG_WARN_UNGUARDED_AVAILABILITY = YES_AGGRESSIVE;
				CLANG_WARN_UNREACHABLE_CODE = YES;
				CLANG_WARN__DUPLICATE_METHOD_MATCH = YES;
				COPY_PHASE_STRIP = NO;
				DEBUG_INFORMATION_FORMAT = dwarf;
				ENABLE_STRICT_OBJC_MSGSEND = YES;
				ENABLE_TESTABILITY = YES;
				ENABLE_USER_SCRIPT_SANDBOXING = YES;
				GCC_C_LANGUAGE_STANDARD = gnu17;
				GCC_DYNAMIC_NO_PIC = NO;
				GCC_NO_COMMON_BLOCKS = YES;
				GCC_OPTIMIZATION_LEVEL = 0;
				GCC_PREPROCESSOR_DEFINITIONS = (
					"DEBUG=1",
					"$(inherited)",
				);
				GCC_WARN_64_TO_32_BIT_CONVERSION = YES;
				GCC_WARN_ABOUT_RETURN_TYPE = YES_ERROR;
				GCC_WARN_UNDECLARED_SELECTOR = YES;
				GCC_WARN_UNINITIALIZED_AUTOS = YES_AGGRESSIVE;
				GCC_WARN_UNUSED_FUNCTION = YES;
				GCC_WARN_UNUSED_VARIABLE = YES;
				IPHONEOS_DEPLOYMENT_TARGET = 17.0;
				LOCALIZATION_PREFERS_STRING_CATALOGS = YES;
				MTL_ENABLE_DEBUG_INFO = INCLUDE_SOURCE;
				MTL_FAST_MATH = YES;
				ONLY_ACTIVE_ARCH = YES;
				SDKROOT = iphoneos;
				SWIFT_ACTIVE_COMPILATION_CONDITIONS = "DEBUG $(inherited)";
				SWIFT_OPTIMIZATION_LEVEL = "-Onone";
			};
			name = Debug;
		};
		EE773CE42B25A35600BCB5F3 /* Release */ = {
			isa = XCBuildConfiguration;
			buildSettings = {
				ALWAYS_SEARCH_USER_PATHS = NO;
				ASSETCATALOG_COMPILER_GENERATE_SWIFT_ASSET_SYMBOL_EXTENSIONS = YES;
				CLANG_ANALYZER_NONNULL = YES;
				CLANG_ANALYZER_NUMBER_OBJECT_CONVERSION = YES_AGGRESSIVE;
				CLANG_CXX_LANGUAGE_STANDARD = "gnu++20";
				CLANG_ENABLE_MODULES = YES;
				CLANG_ENABLE_OBJC_ARC = YES;
				CLANG_ENABLE_OBJC_WEAK = YES;
				CLANG_WARN_BLOCK_CAPTURE_AUTORELEASING = YES;
				CLANG_WARN_BOOL_CONVERSION = YES;
				CLANG_WARN_COMMA = YES;
				CLANG_WARN_CONSTANT_CONVERSION = YES;
				CLANG_WARN_DEPRECATED_OBJC_IMPLEMENTATIONS = YES;
				CLANG_WARN_DIRECT_OBJC_ISA_USAGE = YES_ERROR;
				CLANG_WARN_DOCUMENTATION_COMMENTS = YES;
				CLANG_WARN_EMPTY_BODY = YES;
				CLANG_WARN_ENUM_CONVERSION = YES;
				CLANG_WARN_INFINITE_RECURSION = YES;
				CLANG_WARN_INT_CONVERSION = YES;
				CLANG_WARN_NON_LITERAL_NULL_CONVERSION = YES;
				CLANG_WARN_OBJC_IMPLICIT_RETAIN_SELF = YES;
				CLANG_WARN_OBJC_LITERAL_CONVERSION = YES;
				CLANG_WARN_OBJC_ROOT_CLASS = YES_ERROR;
				CLANG_WARN_QUOTED_INCLUDE_IN_FRAMEWORK_HEADER = YES;
				CLANG_WARN_RANGE_LOOP_ANALYSIS = YES;
				CLANG_WARN_STRICT_PROTOTYPES = YES;
				CLANG_WARN_SUSPICIOUS_MOVE = YES;
				CLANG_WARN_UNGUARDED_AVAILABILITY = YES_AGGRESSIVE;
				CLANG_WARN_UNREACHABLE_CODE = YES;
				CLANG_WARN__DUPLICATE_METHOD_MATCH = YES;
				COPY_PHASE_STRIP = NO;
				DEBUG_INFORMATION_FORMAT = "dwarf-with-dsym";
				ENABLE_NS_ASSERTIONS = NO;
				ENABLE_STRICT_OBJC_MSGSEND = YES;
				ENABLE_USER_SCRIPT_SANDBOXING = YES;
				GCC_C_LANGUAGE_STANDARD = gnu17;
				GCC_NO_COMMON_BLOCKS = YES;
				GCC_WARN_64_TO_32_BIT_CONVERSION = YES;
				GCC_WARN_ABOUT_RETURN_TYPE = YES_ERROR;
				GCC_WARN_UNDECLARED_SELECTOR = YES;
				GCC_WARN_UNINITIALIZED_AUTOS = YES_AGGRESSIVE;
				GCC_WARN_UNUSED_FUNCTION = YES;
				GCC_WARN_UNUSED_VARIABLE = YES;
				IPHONEOS_DEPLOYMENT_TARGET = 17.0;
				LOCALIZATION_PREFERS_STRING_CATALOGS = YES;
				MTL_ENABLE_DEBUG_INFO = NO;
				MTL_FAST_MATH = YES;
				SDKROOT = iphoneos;
				SWIFT_COMPILATION_MODE = wholemodule;
				VALIDATE_PRODUCT = YES;
			};
			name = Release;
		};
		EE773CE62B25A35600BCB5F3 /* Debug */ = {
			isa = XCBuildConfiguration;
			buildSettings = {
				ASSETCATALOG_COMPILER_APPICON_NAME = AppIcon;
				ASSETCATALOG_COMPILER_GLOBAL_ACCENT_COLOR_NAME = AccentColor;
				CODE_SIGN_STYLE = Automatic;
				CURRENT_PROJECT_VERSION = 1;
				DEVELOPMENT_ASSET_PATHS = "\"scoopy/Preview Content\"";
				DEVELOPMENT_TEAM = R5955V6BN9;
				ENABLE_PREVIEWS = YES;
				GENERATE_INFOPLIST_FILE = YES;
				INFOPLIST_KEY_UIApplicationSceneManifest_Generation = YES;
				INFOPLIST_KEY_UIApplicationSupportsIndirectInputEvents = YES;
				INFOPLIST_KEY_UILaunchScreen_Generation = YES;
				INFOPLIST_KEY_UISupportedInterfaceOrientations_iPad = "UIInterfaceOrientationPortrait UIInterfaceOrientationPortraitUpsideDown UIInterfaceOrientationLandscapeLeft UIInterfaceOrientationLandscapeRight";
				INFOPLIST_KEY_UISupportedInterfaceOrientations_iPhone = "UIInterfaceOrientationPortrait UIInterfaceOrientationLandscapeLeft UIInterfaceOrientationLandscapeRight";
				LD_RUNPATH_SEARCH_PATHS = (
					"$(inherited)",
					"@executable_path/Frameworks",
				);
				MARKETING_VERSION = 1.0;
				PRODUCT_BUNDLE_IDENTIFIER = fit.scoop.scoopy;
				PRODUCT_NAME = "$(TARGET_NAME)";
				SWIFT_EMIT_LOC_STRINGS = YES;
				SWIFT_VERSION = 5.0;
				TARGETED_DEVICE_FAMILY = "1,2";
			};
			name = Debug;
		};
		EE773CE72B25A35600BCB5F3 /* Release */ = {
			isa = XCBuildConfiguration;
			buildSettings = {
				ASSETCATALOG_COMPILER_APPICON_NAME = AppIcon;
				ASSETCATALOG_COMPILER_GLOBAL_ACCENT_COLOR_NAME = AccentColor;
				CODE_SIGN_STYLE = Automatic;
				CURRENT_PROJECT_VERSION = 1;
				DEVELOPMENT_ASSET_PATHS = "\"scoopy/Preview Content\"";
				DEVELOPMENT_TEAM = R5955V6BN9;
				ENABLE_PREVIEWS = YES;
				GENERATE_INFOPLIST_FILE = YES;
				INFOPLIST_KEY_UIApplicationSceneManifest_Generation = YES;
				INFOPLIST_KEY_UIApplicationSupportsIndirectInputEvents = YES;
				INFOPLIST_KEY_UILaunchScreen_Generation = YES;
				INFOPLIST_KEY_UISupportedInterfaceOrientations_iPad = "UIInterfaceOrientationPortrait UIInterfaceOrientationPortraitUpsideDown UIInterfaceOrientationLandscapeLeft UIInterfaceOrientationLandscapeRight";
				INFOPLIST_KEY_UISupportedInterfaceOrientations_iPhone = "UIInterfaceOrientationPortrait UIInterfaceOrientationLandscapeLeft UIInterfaceOrientationLandscapeRight";
				LD_RUNPATH_SEARCH_PATHS = (
					"$(inherited)",
					"@executable_path/Frameworks",
				);
				MARKETING_VERSION = 1.0;
				PRODUCT_BUNDLE_IDENTIFIER = fit.scoop.scoopy;
				PRODUCT_NAME = "$(TARGET_NAME)";
				SWIFT_EMIT_LOC_STRINGS = YES;
				SWIFT_VERSION = 5.0;
				TARGETED_DEVICE_FAMILY = "1,2";
			};
			name = Release;
		};
		EE773CE92B25A35600BCB5F3 /* Debug */ = {
			isa = XCBuildConfiguration;
			buildSettings = {
				ALWAYS_EMBED_SWIFT_STANDARD_LIBRARIES = YES;
				BUNDLE_LOADER = "$(TEST_HOST)";
				CODE_SIGN_STYLE = Automatic;
				CURRENT_PROJECT_VERSION = 1;
				DEVELOPMENT_TEAM = R5955V6BN9;
				GENERATE_INFOPLIST_FILE = YES;
				IPHONEOS_DEPLOYMENT_TARGET = 17.0;
				MARKETING_VERSION = 1.0;
				PRODUCT_BUNDLE_IDENTIFIER = fit.scoop.scoopyTests;
				PRODUCT_NAME = "$(TARGET_NAME)";
				SWIFT_EMIT_LOC_STRINGS = NO;
				SWIFT_VERSION = 5.0;
				TARGETED_DEVICE_FAMILY = "1,2";
				TEST_HOST = "$(BUILT_PRODUCTS_DIR)/scoopy.app/$(BUNDLE_EXECUTABLE_FOLDER_PATH)/scoopy";
			};
			name = Debug;
		};
		EE773CEA2B25A35600BCB5F3 /* Release */ = {
			isa = XCBuildConfiguration;
			buildSettings = {
				ALWAYS_EMBED_SWIFT_STANDARD_LIBRARIES = YES;
				BUNDLE_LOADER = "$(TEST_HOST)";
				CODE_SIGN_STYLE = Automatic;
				CURRENT_PROJECT_VERSION = 1;
				DEVELOPMENT_TEAM = R5955V6BN9;
				GENERATE_INFOPLIST_FILE = YES;
				IPHONEOS_DEPLOYMENT_TARGET = 17.0;
				MARKETING_VERSION = 1.0;
				PRODUCT_BUNDLE_IDENTIFIER = fit.scoop.scoopyTests;
				PRODUCT_NAME = "$(TARGET_NAME)";
				SWIFT_EMIT_LOC_STRINGS = NO;
				SWIFT_VERSION = 5.0;
				TARGETED_DEVICE_FAMILY = "1,2";
				TEST_HOST = "$(BUILT_PRODUCTS_DIR)/scoopy.app/$(BUNDLE_EXECUTABLE_FOLDER_PATH)/scoopy";
			};
			name = Release;
		};
		EE773CEC2B25A35600BCB5F3 /* Debug */ = {
			isa = XCBuildConfiguration;
			buildSettings = {
				ALWAYS_EMBED_SWIFT_STANDARD_LIBRARIES = YES;
				CODE_SIGN_STYLE = Automatic;
				CURRENT_PROJECT_VERSION = 1;
				DEVELOPMENT_TEAM = R5955V6BN9;
				GENERATE_INFOPLIST_FILE = YES;
				MARKETING_VERSION = 1.0;
				PRODUCT_BUNDLE_IDENTIFIER = fit.scoop.scoopyUITests;
				PRODUCT_NAME = "$(TARGET_NAME)";
				SWIFT_EMIT_LOC_STRINGS = NO;
				SWIFT_VERSION = 5.0;
				TARGETED_DEVICE_FAMILY = "1,2";
				TEST_TARGET_NAME = scoopy;
			};
			name = Debug;
		};
		EE773CED2B25A35600BCB5F3 /* Release */ = {
			isa = XCBuildConfiguration;
			buildSettings = {
				ALWAYS_EMBED_SWIFT_STANDARD_LIBRARIES = YES;
				CODE_SIGN_STYLE = Automatic;
				CURRENT_PROJECT_VERSION = 1;
				DEVELOPMENT_TEAM = R5955V6BN9;
				GENERATE_INFOPLIST_FILE = YES;
				MARKETING_VERSION = 1.0;
				PRODUCT_BUNDLE_IDENTIFIER = fit.scoop.scoopyUITests;
				PRODUCT_NAME = "$(TARGET_NAME)";
				SWIFT_EMIT_LOC_STRINGS = NO;
				SWIFT_VERSION = 5.0;
				TARGETED_DEVICE_FAMILY = "1,2";
				TEST_TARGET_NAME = scoopy;
			};
			name = Release;
		};
/* End XCBuildConfiguration section */

/* Begin XCConfigurationList section */
		EE773CBC2B25A35200BCB5F3 /* Build configuration list for PBXProject "scoopy" */ = {
			isa = XCConfigurationList;
			buildConfigurations = (
				EE773CE32B25A35600BCB5F3 /* Debug */,
				EE773CE42B25A35600BCB5F3 /* Release */,
			);
			defaultConfigurationIsVisible = 0;
			defaultConfigurationName = Release;
		};
		EE773CE52B25A35600BCB5F3 /* Build configuration list for PBXNativeTarget "scoopy" */ = {
			isa = XCConfigurationList;
			buildConfigurations = (
				EE773CE62B25A35600BCB5F3 /* Debug */,
				EE773CE72B25A35600BCB5F3 /* Release */,
			);
			defaultConfigurationIsVisible = 0;
			defaultConfigurationName = Release;
		};
		EE773CE82B25A35600BCB5F3 /* Build configuration list for PBXNativeTarget "scoopyTests" */ = {
			isa = XCConfigurationList;
			buildConfigurations = (
				EE773CE92B25A35600BCB5F3 /* Debug */,
				EE773CEA2B25A35600BCB5F3 /* Release */,
			);
			defaultConfigurationIsVisible = 0;
			defaultConfigurationName = Release;
		};
		EE773CEB2B25A35600BCB5F3 /* Build configuration list for PBXNativeTarget "scoopyUITests" */ = {
			isa = XCConfigurationList;
			buildConfigurations = (
				EE773CEC2B25A35600BCB5F3 /* Debug */,
				EE773CED2B25A35600BCB5F3 /* Release */,
			);
			defaultConfigurationIsVisible = 0;
			defaultConfigurationName = Release;
		};
/* End XCConfigurationList section */
	};
	rootObject = EE773CB92B25A35200BCB5F3 /* Project object */;
}
